Microsoft Visual Studio Solution File, Format Version 12.00
# Visual Studio 14
VisualStudioVersion = 14.0.23107.0
MinimumVisualStudioVersion = 10.0.40219.1
Project("{FAE04EC0-301F-11D3-BF4B-00C04F79EFBC}") = "message-builder-compatibility", "message-builder-compatibility\message-builder-compatibility.csproj", "{6821E6B6-3A4D-4D4D-A9D0-147878B4FDEE}"
EndProject
Project("{FAE04EC0-301F-11D3-BF4B-00C04F79EFBC}") = "message-builder-core", "message-builder-core\message-builder-core.csproj", "{4139D4DB-FBAB-4951-92EA-B5F7BABD8746}"
EndProject
Project("{FAE04EC0-301F-11D3-BF4B-00C04F79EFBC}") = "message-builder-terminology", "message-builder-terminology\message-builder-terminology.csproj", "{56003719-FF90-453D-AD34-C7283665EDFE}"
EndProject
Project("{FAE04EC0-301F-11D3-BF4B-00C04F79EFBC}") = "message-builder-release-r02_04_02", "message-builder-release-r02_04_02\message-builder-release-r02_04_02.csproj", "{2FF31723-036D-484B-BC07-DAE786262310}"
EndProject
Project("{FAE04EC0-301F-11D3-BF4B-00C04F79EFBC}") = "junitUtils", "junitUtils\junitUtils.csproj", "{59B6B14C-69AB-4566-8EEF-77881F80A2CF}"
EndProject
Project("{FAE04EC0-301F-11D3-BF4B-00C04F79EFBC}") = "message-builder-util", "message-builder-util\message-builder-util.csproj", "{E3369ED8-EEBF-41F5-8CB7-A817A1D7EBCF}"
EndProject
Project("{FAE04EC0-301F-11D3-BF4B-00C04F79EFBC}") = "message-builder-xml", "message-builder-xml\message-builder-xml.csproj", "{262BF0B7-4E11-43DA-B5E5-EAAE02EF9845}"
EndProject
Project("{FAE04EC0-301F-11D3-BF4B-00C04F79EFBC}") = "message-builder-release-v02_r02", "message-builder-release-v02_r02\message-builder-release-v02_r02.csproj", "{3C2AFF38-D4DA-49FC-8C9F-185C34C3923A}"
EndProject
Project("{FAE04EC0-301F-11D3-BF4B-00C04F79EFBC}") = "message-builder-release-v01_r04_3", "message-builder-release-v01_r04_3\message-builder-release-v01_r04_3.csproj", "{36DBD161-2D00-44F5-AF02-0208B907249D}"
EndProject
Project("{FAE04EC0-301F-11D3-BF4B-00C04F79EFBC}") = "message-builder-release-v01_r04_4", "message-builder-release-v01_r04_4\message-builder-release-v01_r04_4.csproj", "{9E61E51A-0A9B-45D3-86D9-D45CD5BB3F56}"
EndProject
Project("{FAE04EC0-301F-11D3-BF4B-00C04F79EFBC}") = "message-builder-release-sk-v01_r04_3", "message-builder-release-sk-v01_r04_3\message-builder-release-sk-v01_r04_3.csproj", "{9AB0DB24-B268-4568-BC64-B38CA0734513}"
EndProject
Project("{FAE04EC0-301F-11D3-BF4B-00C04F79EFBC}") = "message-builder-release-ab-v02_r02", "message-builder-release-ab-v02_r02\message-builder-release-ab-v02_r02.csproj", "{6E3A7777-7CF8-476E-9659-A093D77776E5}"
EndProject
Project("{FAE04EC0-301F-11D3-BF4B-00C04F79EFBC}") = "message-builder-release-r02_04_03", "message-builder-release-r02_04_03\message-builder-release-r02_04_03.csproj", "{5FBE3F83-C86B-47D7-84E1-05BB69C707B8}"
EndProject
Project("{FAE04EC0-301F-11D3-BF4B-00C04F79EFBC}") = "message-builder-release-ab-r02_04_03", "message-builder-release-ab-r02_04_03\message-builder-release-ab-r02_04_03.csproj", "{F5EA1710-042C-43E2-B93F-1C46261DA4B6}"
EndProject
Project("{FAE04EC0-301F-11D3-BF4B-00C04F79EFBC}") = "message-builder-release-ab-r02_04_03_imm", "message-builder-release-ab-r02_04_03_imm\message-builder-release-ab-r02_04_03_imm.csproj", "{F0EC84C8-DF28-416D-8F5A-433EC6509ECD}"
EndProject
Project("{FAE04EC0-301F-11D3-BF4B-00C04F79EFBC}") = "message-builder-release-r02_05_00", "message-builder-release-r02_05_00\message-builder-release-r02_05_00.csproj", "{1F36F571-DBD3-48F9-BDE7-8BA60D6F0997}"
EndProject
Project("{FAE04EC0-301F-11D3-BF4B-00C04F79EFBC}") = "message-builder-pcs-cda-r1_2", "message-builder-pcs-cda-r1_2\message-builder-pcs-cda-r1_2.csproj", "{79044B7E-6B96-494D-A804-10453BB4A75C}"
EndProject
Project("{FAE04EC0-301F-11D3-BF4B-00C04F79EFBC}") = "message-builder-ccda-r1_1", "message-builder-ccda-r1_1\message-builder-ccda-r1_1.csproj", "{5D181889-F125-4747-A1FD-82D01D4D705A}"
EndProject
Project("{FAE04EC0-301F-11D3-BF4B-00C04F79EFBC}") = "message-builder-ccda-pcs-r1_1", "message-builder-ccda-pcs-r1_1\message-builder-ccda-pcs-r1_1.csproj", "{3F34D868-A2E1-49FD-B2F8-8278C4ADDB35}"
EndProject
Project("{FAE04EC0-301F-11D3-BF4B-00C04F79EFBC}") = "message-builder-release-ab_r02_04_03_shr", "message-builder-release-ab_r02_04_03_shr\message-builder-release-ab_r02_04_03_shr.csproj", "{C542229C-BBE5-4457-8D4A-0B57C2C2A142}"
EndProject
Project("{FAE04EC0-301F-11D3-BF4B-00C04F79EFBC}") = "message-builder-release-cda-ab-shr", "message-builder-release-cda-ab-shr\message-builder-release-cda-ab-shr.csproj", "{BD2C5B3D-9CCC-4CBC-89CD-FC56C7461B04}"
EndProject
Global
	GlobalSection(SolutionConfigurationPlatforms) = preSolution
		Debug|Any CPU = Debug|Any CPU
		Debug|Mixed Platforms = Debug|Mixed Platforms
		Debug|x86 = Debug|x86
		Release|Any CPU = Release|Any CPU
		Release|Mixed Platforms = Release|Mixed Platforms
		Release|x86 = Release|x86
	EndGlobalSection
	GlobalSection(ProjectConfigurationPlatforms) = postSolution
		{6821E6B6-3A4D-4D4D-A9D0-147878B4FDEE}.Debug|Any CPU.ActiveCfg = Debug|Any CPU
		{6821E6B6-3A4D-4D4D-A9D0-147878B4FDEE}.Debug|Any CPU.Build.0 = Debug|Any CPU
		{6821E6B6-3A4D-4D4D-A9D0-147878B4FDEE}.Debug|Mixed Platforms.ActiveCfg = Debug|Any CPU
		{6821E6B6-3A4D-4D4D-A9D0-147878B4FDEE}.Debug|Mixed Platforms.Build.0 = Debug|Any CPU
		{6821E6B6-3A4D-4D4D-A9D0-147878B4FDEE}.Debug|x86.ActiveCfg = Debug|Any CPU
		{6821E6B6-3A4D-4D4D-A9D0-147878B4FDEE}.Release|Any CPU.ActiveCfg = Release|Any CPU
		{6821E6B6-3A4D-4D4D-A9D0-147878B4FDEE}.Release|Any CPU.Build.0 = Release|Any CPU
		{6821E6B6-3A4D-4D4D-A9D0-147878B4FDEE}.Release|Mixed Platforms.ActiveCfg = Release|Any CPU
		{6821E6B6-3A4D-4D4D-A9D0-147878B4FDEE}.Release|Mixed Platforms.Build.0 = Release|Any CPU
		{6821E6B6-3A4D-4D4D-A9D0-147878B4FDEE}.Release|x86.ActiveCfg = Release|Any CPU
		{4139D4DB-FBAB-4951-92EA-B5F7BABD8746}.Debug|Any CPU.ActiveCfg = Debug|Any CPU
		{4139D4DB-FBAB-4951-92EA-B5F7BABD8746}.Debug|Any CPU.Build.0 = Debug|Any CPU
		{4139D4DB-FBAB-4951-92EA-B5F7BABD8746}.Debug|Mixed Platforms.ActiveCfg = Debug|Any CPU
		{4139D4DB-FBAB-4951-92EA-B5F7BABD8746}.Debug|Mixed Platforms.Build.0 = Debug|Any CPU
		{4139D4DB-FBAB-4951-92EA-B5F7BABD8746}.Debug|x86.ActiveCfg = Debug|Any CPU
		{4139D4DB-FBAB-4951-92EA-B5F7BABD8746}.Release|Any CPU.ActiveCfg = Release|Any CPU
		{4139D4DB-FBAB-4951-92EA-B5F7BABD8746}.Release|Any CPU.Build.0 = Release|Any CPU
		{4139D4DB-FBAB-4951-92EA-B5F7BABD8746}.Release|Mixed Platforms.ActiveCfg = Release|Any CPU
		{4139D4DB-FBAB-4951-92EA-B5F7BABD8746}.Release|Mixed Platforms.Build.0 = Release|Any CPU
		{4139D4DB-FBAB-4951-92EA-B5F7BABD8746}.Release|x86.ActiveCfg = Release|Any CPU
		{56003719-FF90-453D-AD34-C7283665EDFE}.Debug|Any CPU.ActiveCfg = Debug|Any CPU
		{56003719-FF90-453D-AD34-C7283665EDFE}.Debug|Any CPU.Build.0 = Debug|Any CPU
		{56003719-FF90-453D-AD34-C7283665EDFE}.Debug|Mixed Platforms.ActiveCfg = Debug|Any CPU
		{56003719-FF90-453D-AD34-C7283665EDFE}.Debug|Mixed Platforms.Build.0 = Debug|Any CPU
		{56003719-FF90-453D-AD34-C7283665EDFE}.Debug|x86.ActiveCfg = Debug|Any CPU
		{56003719-FF90-453D-AD34-C7283665EDFE}.Release|Any CPU.ActiveCfg = Release|Any CPU
		{56003719-FF90-453D-AD34-C7283665EDFE}.Release|Any CPU.Build.0 = Release|Any CPU
		{56003719-FF90-453D-AD34-C7283665EDFE}.Release|Mixed Platforms.ActiveCfg = Release|Any CPU
		{56003719-FF90-453D-AD34-C7283665EDFE}.Release|Mixed Platforms.Build.0 = Release|Any CPU
		{56003719-FF90-453D-AD34-C7283665EDFE}.Release|x86.ActiveCfg = Release|Any CPU
		{2FF31723-036D-484B-BC07-DAE786262310}.Debug|Any CPU.ActiveCfg = Debug|Any CPU
		{2FF31723-036D-484B-BC07-DAE786262310}.Debug|Any CPU.Build.0 = Debug|Any CPU
		{2FF31723-036D-484B-BC07-DAE786262310}.Debug|Mixed Platforms.ActiveCfg = Debug|Any CPU
		{2FF31723-036D-484B-BC07-DAE786262310}.Debug|Mixed Platforms.Build.0 = Debug|Any CPU
		{2FF31723-036D-484B-BC07-DAE786262310}.Debug|x86.ActiveCfg = Debug|Any CPU
		{2FF31723-036D-484B-BC07-DAE786262310}.Release|Any CPU.ActiveCfg = Release|Any CPU
		{2FF31723-036D-484B-BC07-DAE786262310}.Release|Any CPU.Build.0 = Release|Any CPU
		{2FF31723-036D-484B-BC07-DAE786262310}.Release|Mixed Platforms.ActiveCfg = Release|Any CPU
		{2FF31723-036D-484B-BC07-DAE786262310}.Release|Mixed Platforms.Build.0 = Release|Any CPU
		{2FF31723-036D-484B-BC07-DAE786262310}.Release|x86.ActiveCfg = Release|Any CPU
		{59B6B14C-69AB-4566-8EEF-77881F80A2CF}.Debug|Any CPU.ActiveCfg = Debug|Any CPU
		{59B6B14C-69AB-4566-8EEF-77881F80A2CF}.Debug|Any CPU.Build.0 = Debug|Any CPU
		{59B6B14C-69AB-4566-8EEF-77881F80A2CF}.Debug|Mixed Platforms.ActiveCfg = Debug|Any CPU
		{59B6B14C-69AB-4566-8EEF-77881F80A2CF}.Debug|Mixed Platforms.Build.0 = Debug|Any CPU
		{59B6B14C-69AB-4566-8EEF-77881F80A2CF}.Debug|x86.ActiveCfg = Debug|Any CPU
		{59B6B14C-69AB-4566-8EEF-77881F80A2CF}.Release|Any CPU.ActiveCfg = Release|Any CPU
		{59B6B14C-69AB-4566-8EEF-77881F80A2CF}.Release|Any CPU.Build.0 = Release|Any CPU
		{59B6B14C-69AB-4566-8EEF-77881F80A2CF}.Release|Mixed Platforms.ActiveCfg = Release|Any CPU
		{59B6B14C-69AB-4566-8EEF-77881F80A2CF}.Release|Mixed Platforms.Build.0 = Release|Any CPU
		{59B6B14C-69AB-4566-8EEF-77881F80A2CF}.Release|x86.ActiveCfg = Release|Any CPU
		{E3369ED8-EEBF-41F5-8CB7-A817A1D7EBCF}.Debug|Any CPU.ActiveCfg = Debug|Any CPU
		{E3369ED8-EEBF-41F5-8CB7-A817A1D7EBCF}.Debug|Any CPU.Build.0 = Debug|Any CPU
		{E3369ED8-EEBF-41F5-8CB7-A817A1D7EBCF}.Debug|Mixed Platforms.ActiveCfg = Debug|Any CPU
		{E3369ED8-EEBF-41F5-8CB7-A817A1D7EBCF}.Debug|Mixed Platforms.Build.0 = Debug|Any CPU
		{E3369ED8-EEBF-41F5-8CB7-A817A1D7EBCF}.Debug|x86.ActiveCfg = Debug|Any CPU
		{E3369ED8-EEBF-41F5-8CB7-A817A1D7EBCF}.Release|Any CPU.ActiveCfg = Release|Any CPU
		{E3369ED8-EEBF-41F5-8CB7-A817A1D7EBCF}.Release|Any CPU.Build.0 = Release|Any CPU
		{E3369ED8-EEBF-41F5-8CB7-A817A1D7EBCF}.Release|Mixed Platforms.ActiveCfg = Release|Any CPU
		{E3369ED8-EEBF-41F5-8CB7-A817A1D7EBCF}.Release|Mixed Platforms.Build.0 = Release|Any CPU
		{E3369ED8-EEBF-41F5-8CB7-A817A1D7EBCF}.Release|x86.ActiveCfg = Release|Any CPU
		{262BF0B7-4E11-43DA-B5E5-EAAE02EF9845}.Debug|Any CPU.ActiveCfg = Debug|Any CPU
		{262BF0B7-4E11-43DA-B5E5-EAAE02EF9845}.Debug|Any CPU.Build.0 = Debug|Any CPU
		{262BF0B7-4E11-43DA-B5E5-EAAE02EF9845}.Debug|Mixed Platforms.ActiveCfg = Debug|Any CPU
		{262BF0B7-4E11-43DA-B5E5-EAAE02EF9845}.Debug|Mixed Platforms.Build.0 = Debug|Any CPU
		{262BF0B7-4E11-43DA-B5E5-EAAE02EF9845}.Debug|x86.ActiveCfg = Debug|Any CPU
		{262BF0B7-4E11-43DA-B5E5-EAAE02EF9845}.Release|Any CPU.ActiveCfg = Release|Any CPU
		{262BF0B7-4E11-43DA-B5E5-EAAE02EF9845}.Release|Any CPU.Build.0 = Release|Any CPU
		{262BF0B7-4E11-43DA-B5E5-EAAE02EF9845}.Release|Mixed Platforms.ActiveCfg = Release|Any CPU
		{262BF0B7-4E11-43DA-B5E5-EAAE02EF9845}.Release|Mixed Platforms.Build.0 = Release|Any CPU
		{262BF0B7-4E11-43DA-B5E5-EAAE02EF9845}.Release|x86.ActiveCfg = Release|Any CPU
		{3C2AFF38-D4DA-49FC-8C9F-185C34C3923A}.Debug|Any CPU.ActiveCfg = Debug|Any CPU
		{3C2AFF38-D4DA-49FC-8C9F-185C34C3923A}.Debug|Any CPU.Build.0 = Debug|Any CPU
		{3C2AFF38-D4DA-49FC-8C9F-185C34C3923A}.Debug|Mixed Platforms.ActiveCfg = Debug|Any CPU
		{3C2AFF38-D4DA-49FC-8C9F-185C34C3923A}.Debug|Mixed Platforms.Build.0 = Debug|Any CPU
		{3C2AFF38-D4DA-49FC-8C9F-185C34C3923A}.Debug|x86.ActiveCfg = Debug|Any CPU
		{3C2AFF38-D4DA-49FC-8C9F-185C34C3923A}.Release|Any CPU.ActiveCfg = Release|Any CPU
		{3C2AFF38-D4DA-49FC-8C9F-185C34C3923A}.Release|Any CPU.Build.0 = Release|Any CPU
		{3C2AFF38-D4DA-49FC-8C9F-185C34C3923A}.Release|Mixed Platforms.ActiveCfg = Release|Any CPU
		{3C2AFF38-D4DA-49FC-8C9F-185C34C3923A}.Release|Mixed Platforms.Build.0 = Release|Any CPU
		{3C2AFF38-D4DA-49FC-8C9F-185C34C3923A}.Release|x86.ActiveCfg = Release|Any CPU
		{36DBD161-2D00-44F5-AF02-0208B907249D}.Debug|Any CPU.ActiveCfg = Debug|Any CPU
		{36DBD161-2D00-44F5-AF02-0208B907249D}.Debug|Any CPU.Build.0 = Debug|Any CPU
		{36DBD161-2D00-44F5-AF02-0208B907249D}.Debug|Mixed Platforms.ActiveCfg = Debug|Any CPU
		{36DBD161-2D00-44F5-AF02-0208B907249D}.Debug|Mixed Platforms.Build.0 = Debug|Any CPU
		{36DBD161-2D00-44F5-AF02-0208B907249D}.Debug|x86.ActiveCfg = Debug|Any CPU
		{36DBD161-2D00-44F5-AF02-0208B907249D}.Release|Any CPU.ActiveCfg = Release|Any CPU
		{36DBD161-2D00-44F5-AF02-0208B907249D}.Release|Any CPU.Build.0 = Release|Any CPU
		{36DBD161-2D00-44F5-AF02-0208B907249D}.Release|Mixed Platforms.ActiveCfg = Release|Any CPU
		{36DBD161-2D00-44F5-AF02-0208B907249D}.Release|Mixed Platforms.Build.0 = Release|Any CPU
		{36DBD161-2D00-44F5-AF02-0208B907249D}.Release|x86.ActiveCfg = Release|Any CPU
		{9E61E51A-0A9B-45D3-86D9-D45CD5BB3F56}.Debug|Any CPU.ActiveCfg = Debug|Any CPU
		{9E61E51A-0A9B-45D3-86D9-D45CD5BB3F56}.Debug|Any CPU.Build.0 = Debug|Any CPU
		{9E61E51A-0A9B-45D3-86D9-D45CD5BB3F56}.Debug|Mixed Platforms.ActiveCfg = Debug|Any CPU
		{9E61E51A-0A9B-45D3-86D9-D45CD5BB3F56}.Debug|Mixed Platforms.Build.0 = Debug|Any CPU
		{9E61E51A-0A9B-45D3-86D9-D45CD5BB3F56}.Debug|x86.ActiveCfg = Debug|Any CPU
		{9E61E51A-0A9B-45D3-86D9-D45CD5BB3F56}.Release|Any CPU.ActiveCfg = Release|Any CPU
		{9E61E51A-0A9B-45D3-86D9-D45CD5BB3F56}.Release|Any CPU.Build.0 = Release|Any CPU
		{9E61E51A-0A9B-45D3-86D9-D45CD5BB3F56}.Release|Mixed Platforms.ActiveCfg = Release|Any CPU
		{9E61E51A-0A9B-45D3-86D9-D45CD5BB3F56}.Release|Mixed Platforms.Build.0 = Release|Any CPU
		{9E61E51A-0A9B-45D3-86D9-D45CD5BB3F56}.Release|x86.ActiveCfg = Release|Any CPU
		{9AB0DB24-B268-4568-BC64-B38CA0734513}.Debug|Any CPU.ActiveCfg = Debug|Any CPU
		{9AB0DB24-B268-4568-BC64-B38CA0734513}.Debug|Any CPU.Build.0 = Debug|Any CPU
		{9AB0DB24-B268-4568-BC64-B38CA0734513}.Debug|Mixed Platforms.ActiveCfg = Debug|Any CPU
		{9AB0DB24-B268-4568-BC64-B38CA0734513}.Debug|Mixed Platforms.Build.0 = Debug|Any CPU
		{9AB0DB24-B268-4568-BC64-B38CA0734513}.Debug|x86.ActiveCfg = Debug|Any CPU
		{9AB0DB24-B268-4568-BC64-B38CA0734513}.Release|Any CPU.ActiveCfg = Release|Any CPU
		{9AB0DB24-B268-4568-BC64-B38CA0734513}.Release|Any CPU.Build.0 = Release|Any CPU
		{9AB0DB24-B268-4568-BC64-B38CA0734513}.Release|Mixed Platforms.ActiveCfg = Release|Any CPU
		{9AB0DB24-B268-4568-BC64-B38CA0734513}.Release|Mixed Platforms.Build.0 = Release|Any CPU
		{9AB0DB24-B268-4568-BC64-B38CA0734513}.Release|x86.ActiveCfg = Release|Any CPU
		{6E3A7777-7CF8-476E-9659-A093D77776E5}.Debug|Any CPU.ActiveCfg = Debug|Any CPU
		{6E3A7777-7CF8-476E-9659-A093D77776E5}.Debug|Any CPU.Build.0 = Debug|Any CPU
		{6E3A7777-7CF8-476E-9659-A093D77776E5}.Debug|Mixed Platforms.ActiveCfg = Debug|Any CPU
		{6E3A7777-7CF8-476E-9659-A093D77776E5}.Debug|Mixed Platforms.Build.0 = Debug|Any CPU
		{6E3A7777-7CF8-476E-9659-A093D77776E5}.Debug|x86.ActiveCfg = Debug|Any CPU
		{6E3A7777-7CF8-476E-9659-A093D77776E5}.Release|Any CPU.ActiveCfg = Release|Any CPU
		{6E3A7777-7CF8-476E-9659-A093D77776E5}.Release|Any CPU.Build.0 = Release|Any CPU
		{6E3A7777-7CF8-476E-9659-A093D77776E5}.Release|Mixed Platforms.ActiveCfg = Release|Any CPU
		{6E3A7777-7CF8-476E-9659-A093D77776E5}.Release|Mixed Platforms.Build.0 = Release|Any CPU
		{6E3A7777-7CF8-476E-9659-A093D77776E5}.Release|x86.ActiveCfg = Release|Any CPU
		{5FBE3F83-C86B-47D7-84E1-05BB69C707B8}.Debug|Any CPU.ActiveCfg = Debug|Any CPU
		{5FBE3F83-C86B-47D7-84E1-05BB69C707B8}.Debug|Any CPU.Build.0 = Debug|Any CPU
		{5FBE3F83-C86B-47D7-84E1-05BB69C707B8}.Debug|Mixed Platforms.ActiveCfg = Debug|Any CPU
		{5FBE3F83-C86B-47D7-84E1-05BB69C707B8}.Debug|Mixed Platforms.Build.0 = Debug|Any CPU
		{5FBE3F83-C86B-47D7-84E1-05BB69C707B8}.Debug|x86.ActiveCfg = Debug|Any CPU
		{5FBE3F83-C86B-47D7-84E1-05BB69C707B8}.Release|Any CPU.ActiveCfg = Release|Any CPU
		{5FBE3F83-C86B-47D7-84E1-05BB69C707B8}.Release|Any CPU.Build.0 = Release|Any CPU
		{5FBE3F83-C86B-47D7-84E1-05BB69C707B8}.Release|Mixed Platforms.ActiveCfg = Release|Any CPU
		{5FBE3F83-C86B-47D7-84E1-05BB69C707B8}.Release|Mixed Platforms.Build.0 = Release|Any CPU
		{5FBE3F83-C86B-47D7-84E1-05BB69C707B8}.Release|x86.ActiveCfg = Release|Any CPU
		{F5EA1710-042C-43E2-B93F-1C46261DA4B6}.Debug|Any CPU.ActiveCfg = Debug|Any CPU
		{F5EA1710-042C-43E2-B93F-1C46261DA4B6}.Debug|Any CPU.Build.0 = Debug|Any CPU
		{F5EA1710-042C-43E2-B93F-1C46261DA4B6}.Debug|Mixed Platforms.ActiveCfg = Debug|Any CPU
		{F5EA1710-042C-43E2-B93F-1C46261DA4B6}.Debug|Mixed Platforms.Build.0 = Debug|Any CPU
		{F5EA1710-042C-43E2-B93F-1C46261DA4B6}.Debug|x86.ActiveCfg = Debug|Any CPU
		{F5EA1710-042C-43E2-B93F-1C46261DA4B6}.Release|Any CPU.ActiveCfg = Release|Any CPU
		{F5EA1710-042C-43E2-B93F-1C46261DA4B6}.Release|Any CPU.Build.0 = Release|Any CPU
		{F5EA1710-042C-43E2-B93F-1C46261DA4B6}.Release|Mixed Platforms.ActiveCfg = Release|Any CPU
		{F5EA1710-042C-43E2-B93F-1C46261DA4B6}.Release|Mixed Platforms.Build.0 = Release|Any CPU
		{F5EA1710-042C-43E2-B93F-1C46261DA4B6}.Release|x86.ActiveCfg = Release|Any CPU
		{F0EC84C8-DF28-416D-8F5A-433EC6509ECD}.Debug|Any CPU.ActiveCfg = Debug|Any CPU
		{F0EC84C8-DF28-416D-8F5A-433EC6509ECD}.Debug|Any CPU.Build.0 = Debug|Any CPU
		{F0EC84C8-DF28-416D-8F5A-433EC6509ECD}.Debug|Mixed Platforms.ActiveCfg = Debug|Any CPU
		{F0EC84C8-DF28-416D-8F5A-433EC6509ECD}.Debug|Mixed Platforms.Build.0 = Debug|Any CPU
		{F0EC84C8-DF28-416D-8F5A-433EC6509ECD}.Debug|x86.ActiveCfg = Debug|Any CPU
		{F0EC84C8-DF28-416D-8F5A-433EC6509ECD}.Release|Any CPU.ActiveCfg = Release|Any CPU
		{F0EC84C8-DF28-416D-8F5A-433EC6509ECD}.Release|Any CPU.Build.0 = Release|Any CPU
		{F0EC84C8-DF28-416D-8F5A-433EC6509ECD}.Release|Mixed Platforms.ActiveCfg = Release|Any CPU
		{F0EC84C8-DF28-416D-8F5A-433EC6509ECD}.Release|Mixed Platforms.Build.0 = Release|Any CPU
		{F0EC84C8-DF28-416D-8F5A-433EC6509ECD}.Release|x86.ActiveCfg = Release|Any CPU
		{1F36F571-DBD3-48F9-BDE7-8BA60D6F0997}.Debug|Any CPU.ActiveCfg = Debug|Any CPU
		{1F36F571-DBD3-48F9-BDE7-8BA60D6F0997}.Debug|Any CPU.Build.0 = Debug|Any CPU
		{1F36F571-DBD3-48F9-BDE7-8BA60D6F0997}.Debug|Mixed Platforms.ActiveCfg = Debug|Any CPU
		{1F36F571-DBD3-48F9-BDE7-8BA60D6F0997}.Debug|Mixed Platforms.Build.0 = Debug|Any CPU
		{1F36F571-DBD3-48F9-BDE7-8BA60D6F0997}.Debug|x86.ActiveCfg = Debug|Any CPU
		{1F36F571-DBD3-48F9-BDE7-8BA60D6F0997}.Release|Any CPU.ActiveCfg = Release|Any CPU
		{1F36F571-DBD3-48F9-BDE7-8BA60D6F0997}.Release|Any CPU.Build.0 = Release|Any CPU
		{1F36F571-DBD3-48F9-BDE7-8BA60D6F0997}.Release|Mixed Platforms.ActiveCfg = Release|Any CPU
		{1F36F571-DBD3-48F9-BDE7-8BA60D6F0997}.Release|Mixed Platforms.Build.0 = Release|Any CPU
		{1F36F571-DBD3-48F9-BDE7-8BA60D6F0997}.Release|x86.ActiveCfg = Release|Any CPU
		{79044B7E-6B96-494D-A804-10453BB4A75C}.Debug|Any CPU.ActiveCfg = Debug|Any CPU
		{79044B7E-6B96-494D-A804-10453BB4A75C}.Debug|Any CPU.Build.0 = Debug|Any CPU
		{79044B7E-6B96-494D-A804-10453BB4A75C}.Debug|Mixed Platforms.ActiveCfg = Debug|x86
		{79044B7E-6B96-494D-A804-10453BB4A75C}.Debug|Mixed Platforms.Build.0 = Debug|x86
		{79044B7E-6B96-494D-A804-10453BB4A75C}.Debug|x86.ActiveCfg = Debug|x86
		{79044B7E-6B96-494D-A804-10453BB4A75C}.Debug|x86.Build.0 = Debug|x86
		{79044B7E-6B96-494D-A804-10453BB4A75C}.Release|Any CPU.ActiveCfg = Release|Any CPU
		{79044B7E-6B96-494D-A804-10453BB4A75C}.Release|Any CPU.Build.0 = Release|Any CPU
		{79044B7E-6B96-494D-A804-10453BB4A75C}.Release|Mixed Platforms.ActiveCfg = Release|x86
		{79044B7E-6B96-494D-A804-10453BB4A75C}.Release|Mixed Platforms.Build.0 = Release|x86
		{79044B7E-6B96-494D-A804-10453BB4A75C}.Release|x86.ActiveCfg = Release|x86
		{79044B7E-6B96-494D-A804-10453BB4A75C}.Release|x86.Build.0 = Release|x86
		{5D181889-F125-4747-A1FD-82D01D4D705A}.Debug|Any CPU.ActiveCfg = Debug|Any CPU
		{5D181889-F125-4747-A1FD-82D01D4D705A}.Debug|Any CPU.Build.0 = Debug|Any CPU
		{5D181889-F125-4747-A1FD-82D01D4D705A}.Debug|Mixed Platforms.ActiveCfg = Debug|x86
		{5D181889-F125-4747-A1FD-82D01D4D705A}.Debug|Mixed Platforms.Build.0 = Debug|x86
		{5D181889-F125-4747-A1FD-82D01D4D705A}.Debug|x86.ActiveCfg = Debug|x86
		{5D181889-F125-4747-A1FD-82D01D4D705A}.Debug|x86.Build.0 = Debug|x86
		{5D181889-F125-4747-A1FD-82D01D4D705A}.Release|Any CPU.ActiveCfg = Release|Any CPU
		{5D181889-F125-4747-A1FD-82D01D4D705A}.Release|Any CPU.Build.0 = Release|Any CPU
		{5D181889-F125-4747-A1FD-82D01D4D705A}.Release|Mixed Platforms.ActiveCfg = Release|x86
		{5D181889-F125-4747-A1FD-82D01D4D705A}.Release|Mixed Platforms.Build.0 = Release|x86
		{5D181889-F125-4747-A1FD-82D01D4D705A}.Release|x86.ActiveCfg = Release|x86
		{5D181889-F125-4747-A1FD-82D01D4D705A}.Release|x86.Build.0 = Release|x86
		{3F34D868-A2E1-49FD-B2F8-8278C4ADDB35}.Debug|Any CPU.ActiveCfg = Debug|Any CPU
		{3F34D868-A2E1-49FD-B2F8-8278C4ADDB35}.Debug|Any CPU.Build.0 = Debug|Any CPU
		{3F34D868-A2E1-49FD-B2F8-8278C4ADDB35}.Debug|Mixed Platforms.ActiveCfg = Debug|x86
		{3F34D868-A2E1-49FD-B2F8-8278C4ADDB35}.Debug|Mixed Platforms.Build.0 = Debug|x86
		{3F34D868-A2E1-49FD-B2F8-8278C4ADDB35}.Debug|x86.ActiveCfg = Debug|x86
		{3F34D868-A2E1-49FD-B2F8-8278C4ADDB35}.Debug|x86.Build.0 = Debug|x86
		{3F34D868-A2E1-49FD-B2F8-8278C4ADDB35}.Release|Any CPU.ActiveCfg = Release|Any CPU
		{3F34D868-A2E1-49FD-B2F8-8278C4ADDB35}.Release|Any CPU.Build.0 = Release|Any CPU
		{3F34D868-A2E1-49FD-B2F8-8278C4ADDB35}.Release|Mixed Platforms.ActiveCfg = Release|x86
		{3F34D868-A2E1-49FD-B2F8-8278C4ADDB35}.Release|Mixed Platforms.Build.0 = Release|x86
		{3F34D868-A2E1-49FD-B2F8-8278C4ADDB35}.Release|x86.ActiveCfg = Release|x86
		{3F34D868-A2E1-49FD-B2F8-8278C4ADDB35}.Release|x86.Build.0 = Release|x86
		{C542229C-BBE5-4457-8D4A-0B57C2C2A142}.Debug|Any CPU.ActiveCfg = Debug|Any CPU
		{C542229C-BBE5-4457-8D4A-0B57C2C2A142}.Debug|Any CPU.Build.0 = Debug|Any CPU
		{C542229C-BBE5-4457-8D4A-0B57C2C2A142}.Debug|Mixed Platforms.ActiveCfg = Debug|Any CPU
		{C542229C-BBE5-4457-8D4A-0B57C2C2A142}.Debug|Mixed Platforms.Build.0 = Debug|Any CPU
		{C542229C-BBE5-4457-8D4A-0B57C2C2A142}.Debug|x86.ActiveCfg = Debug|Any CPU
		{C542229C-BBE5-4457-8D4A-0B57C2C2A142}.Debug|x86.Build.0 = Debug|Any CPU
		{C542229C-BBE5-4457-8D4A-0B57C2C2A142}.Release|Any CPU.ActiveCfg = Release|Any CPU
		{C542229C-BBE5-4457-8D4A-0B57C2C2A142}.Release|Any CPU.Build.0 = Release|Any CPU
		{C542229C-BBE5-4457-8D4A-0B57C2C2A142}.Release|Mixed Platforms.ActiveCfg = Release|Any CPU
		{C542229C-BBE5-4457-8D4A-0B57C2C2A142}.Release|Mixed Platforms.Build.0 = Release|Any CPU
		{C542229C-BBE5-4457-8D4A-0B57C2C2A142}.Release|x86.ActiveCfg = Release|Any CPU
		{C542229C-BBE5-4457-8D4A-0B57C2C2A142}.Release|x86.Build.0 = Release|Any CPU
		{BD2C5B3D-9CCC-4CBC-89CD-FC56C7461B04}.Debug|Any CPU.ActiveCfg = Debug|Any CPU
		{BD2C5B3D-9CCC-4CBC-89CD-FC56C7461B04}.Debug|Any CPU.Build.0 = Debug|Any CPU
		{BD2C5B3D-9CCC-4CBC-89CD-FC56C7461B04}.Debug|Mixed Platforms.ActiveCfg = Debug|Any CPU
		{BD2C5B3D-9CCC-4CBC-89CD-FC56C7461B04}.Debug|Mixed Platforms.Build.0 = Debug|Any CPU
		{BD2C5B3D-9CCC-4CBC-89CD-FC56C7461B04}.Debug|x86.ActiveCfg = Debug|Any CPU
		{BD2C5B3D-9CCC-4CBC-89CD-FC56C7461B04}.Debug|x86.Build.0 = Debug|Any CPU
		{BD2C5B3D-9CCC-4CBC-89CD-FC56C7461B04}.Release|Any CPU.ActiveCfg = Release|Any CPU
		{BD2C5B3D-9CCC-4CBC-89CD-FC56C7461B04}.Release|Any CPU.Build.0 = Release|Any CPU
		{BD2C5B3D-9CCC-4CBC-89CD-FC56C7461B04}.Release|Mixed Platforms.ActiveCfg = Release|Any CPU
		{BD2C5B3D-9CCC-4CBC-89CD-FC56C7461B04}.Release|Mixed Platforms.Build.0 = Release|Any CPU
		{BD2C5B3D-9CCC-4CBC-89CD-FC56C7461B04}.Release|x86.ActiveCfg = Release|Any CPU
		{BD2C5B3D-9CCC-4CBC-89CD-FC56C7461B04}.Release|x86.Build.0 = Release|Any CPU
	EndGlobalSection
	GlobalSection(SolutionProperties) = preSolution
		HideSolutionNode = FALSE
	EndGlobalSection
	GlobalSection(MonoDevelopProperties) = preSolution
		StartupItem = message-builder-core\message-builder-core.csproj
		version = 1.5.8.2
	EndGlobalSection
EndGlobal
