Microsoft Visual Studio Solution File, Format Version 11.00
# Visual Studio 2010
Project("{FAE04EC0-301F-11D3-BF4B-00C04F79EFBC}") = "message-builder-core", "message-builder-core\message-builder-core.csproj", "{4139D4DB-FBAB-4951-92EA-B5F7BABD8746}"
EndProject
Project("{FAE04EC0-301F-11D3-BF4B-00C04F79EFBC}") = "message-builder-release-r02_04_02", "message-builder-release-r02_04_02\message-builder-release-r02_04_02.csproj", "{2FF31723-036D-484B-BC07-DAE786262310}"
EndProject
Project("{FAE04EC0-301F-11D3-BF4B-00C04F79EFBC}") = "message-builder-util", "message-builder-util\message-builder-util.csproj", "{E3369ED8-EEBF-41F5-8CB7-A817A1D7EBCF}"
EndProject
Project("{FAE04EC0-301F-11D3-BF4B-00C04F79EFBC}") = "message-builder-xml", "message-builder-xml\message-builder-xml.csproj", "{262BF0B7-4E11-43DA-B5E5-EAAE02EF9845}"
EndProject
Project("{FAE04EC0-301F-11D3-BF4B-00C04F79EFBC}") = "message-builder-release-v02_r02", "message-builder-release-v02_r02\message-builder-release-v02_r02.csproj", "{3C2AFF38-D4DA-49FC-8C9F-185C34C3923A}"
EndProject
Project("{FAE04EC0-301F-11D3-BF4B-00C04F79EFBC}") = "message-builder-release-v02_r01", "message-builder-release-v02_r01\message-builder-release-v02_r01.csproj", "{A01763A4-76CD-46F9-A017-96276193D38C}"
EndProject
Project("{FAE04EC0-301F-11D3-BF4B-00C04F79EFBC}") = "message-builder-release-v01_r04_3", "message-builder-release-v01_r04_3\message-builder-release-v01_r04_3.csproj", "{36DBD161-2D00-44F5-AF02-0208B907249D}"
EndProject
Project("{FAE04EC0-301F-11D3-BF4B-00C04F79EFBC}") = "message-builder-release-sk-v01_r04_3", "message-builder-release-sk-v01_r04_3\message-builder-release-sk-v01_r04_3.csproj", "{9AB0DB24-B268-4568-BC64-B38CA0734513}"
EndProject
Project("{FAE04EC0-301F-11D3-BF4B-00C04F79EFBC}") = "message-builder-release-ab-v02_r02", "message-builder-release-ab-v02_r02\message-builder-release-ab-v02_r02.csproj", "{6E3A7777-7CF8-476E-9659-A093D77776E5}"
EndProject
Project("{FAE04EC0-301F-11D3-BF4B-00C04F79EFBC}") = "message-builder-compatibility", "message-builder-compatibility\message-builder-compatibility.csproj", "{6821E6B6-3A4D-4D4D-A9D0-147878B4FDEE}"
EndProject
Project("{FAE04EC0-301F-11D3-BF4B-00C04F79EFBC}") = "message-builder-release-r02_04_03", "message-builder-release-r02_04_03\message-builder-release-r02_04_03.csproj", "{5FBE3F83-C86B-47D7-84E1-05BB69C707B8}"
EndProject
Global
	GlobalSection(SolutionConfigurationPlatforms) = preSolution
		Debug|Any CPU = Debug|Any CPU
		Release|Any CPU = Release|Any CPU
	EndGlobalSection
	GlobalSection(ProjectConfigurationPlatforms) = postSolution
		{4139D4DB-FBAB-4951-92EA-B5F7BABD8746}.Debug|Any CPU.ActiveCfg = Debug|Any CPU
		{4139D4DB-FBAB-4951-92EA-B5F7BABD8746}.Debug|Any CPU.Build.0 = Debug|Any CPU
		{4139D4DB-FBAB-4951-92EA-B5F7BABD8746}.Release|Any CPU.ActiveCfg = Release|Any CPU
		{4139D4DB-FBAB-4951-92EA-B5F7BABD8746}.Release|Any CPU.Build.0 = Release|Any CPU
		{2FF31723-036D-484B-BC07-DAE786262310}.Debug|Any CPU.ActiveCfg = Debug|Any CPU
		{2FF31723-036D-484B-BC07-DAE786262310}.Debug|Any CPU.Build.0 = Debug|Any CPU
		{2FF31723-036D-484B-BC07-DAE786262310}.Release|Any CPU.ActiveCfg = Release|Any CPU
		{2FF31723-036D-484B-BC07-DAE786262310}.Release|Any CPU.Build.0 = Release|Any CPU
		{E3369ED8-EEBF-41F5-8CB7-A817A1D7EBCF}.Debug|Any CPU.ActiveCfg = Debug|Any CPU
		{E3369ED8-EEBF-41F5-8CB7-A817A1D7EBCF}.Debug|Any CPU.Build.0 = Debug|Any CPU
		{E3369ED8-EEBF-41F5-8CB7-A817A1D7EBCF}.Release|Any CPU.ActiveCfg = Release|Any CPU
		{E3369ED8-EEBF-41F5-8CB7-A817A1D7EBCF}.Release|Any CPU.Build.0 = Release|Any CPU
		{262BF0B7-4E11-43DA-B5E5-EAAE02EF9845}.Debug|Any CPU.ActiveCfg = Debug|Any CPU
		{262BF0B7-4E11-43DA-B5E5-EAAE02EF9845}.Debug|Any CPU.Build.0 = Debug|Any CPU
		{262BF0B7-4E11-43DA-B5E5-EAAE02EF9845}.Release|Any CPU.ActiveCfg = Release|Any CPU
		{262BF0B7-4E11-43DA-B5E5-EAAE02EF9845}.Release|Any CPU.Build.0 = Release|Any CPU
		{3C2AFF38-D4DA-49FC-8C9F-185C34C3923A}.Debug|Any CPU.ActiveCfg = Debug|Any CPU
		{3C2AFF38-D4DA-49FC-8C9F-185C34C3923A}.Debug|Any CPU.Build.0 = Debug|Any CPU
		{3C2AFF38-D4DA-49FC-8C9F-185C34C3923A}.Release|Any CPU.ActiveCfg = Release|Any CPU
		{3C2AFF38-D4DA-49FC-8C9F-185C34C3923A}.Release|Any CPU.Build.0 = Release|Any CPU
		{A01763A4-76CD-46F9-A017-96276193D38C}.Debug|Any CPU.ActiveCfg = Debug|Any CPU
		{A01763A4-76CD-46F9-A017-96276193D38C}.Debug|Any CPU.Build.0 = Debug|Any CPU
		{A01763A4-76CD-46F9-A017-96276193D38C}.Release|Any CPU.ActiveCfg = Release|Any CPU
		{A01763A4-76CD-46F9-A017-96276193D38C}.Release|Any CPU.Build.0 = Release|Any CPU
		{36DBD161-2D00-44F5-AF02-0208B907249D}.Debug|Any CPU.ActiveCfg = Debug|Any CPU
		{36DBD161-2D00-44F5-AF02-0208B907249D}.Debug|Any CPU.Build.0 = Debug|Any CPU
		{36DBD161-2D00-44F5-AF02-0208B907249D}.Release|Any CPU.ActiveCfg = Release|Any CPU
		{36DBD161-2D00-44F5-AF02-0208B907249D}.Release|Any CPU.Build.0 = Release|Any CPU
		{9AB0DB24-B268-4568-BC64-B38CA0734513}.Debug|Any CPU.ActiveCfg = Debug|Any CPU
		{9AB0DB24-B268-4568-BC64-B38CA0734513}.Debug|Any CPU.Build.0 = Debug|Any CPU
		{9AB0DB24-B268-4568-BC64-B38CA0734513}.Release|Any CPU.ActiveCfg = Release|Any CPU
		{9AB0DB24-B268-4568-BC64-B38CA0734513}.Release|Any CPU.Build.0 = Release|Any CPU
		{6E3A7777-7CF8-476E-9659-A093D77776E5}.Debug|Any CPU.ActiveCfg = Debug|Any CPU
		{6E3A7777-7CF8-476E-9659-A093D77776E5}.Debug|Any CPU.Build.0 = Debug|Any CPU
		{6E3A7777-7CF8-476E-9659-A093D77776E5}.Release|Any CPU.ActiveCfg = Release|Any CPU
		{6E3A7777-7CF8-476E-9659-A093D77776E5}.Release|Any CPU.Build.0 = Release|Any CPU
		{6821E6B6-3A4D-4D4D-A9D0-147878B4FDEE}.Debug|Any CPU.ActiveCfg = Debug|Any CPU
		{6821E6B6-3A4D-4D4D-A9D0-147878B4FDEE}.Debug|Any CPU.Build.0 = Debug|Any CPU
		{6821E6B6-3A4D-4D4D-A9D0-147878B4FDEE}.Release|Any CPU.ActiveCfg = Release|Any CPU
		{6821E6B6-3A4D-4D4D-A9D0-147878B4FDEE}.Release|Any CPU.Build.0 = Release|Any CPU
		{5FBE3F83-C86B-47D7-84E1-05BB69C707B8}.Debug|Any CPU.ActiveCfg = Debug|Any CPU
		{5FBE3F83-C86B-47D7-84E1-05BB69C707B8}.Debug|Any CPU.Build.0 = Debug|Any CPU
		{5FBE3F83-C86B-47D7-84E1-05BB69C707B8}.Release|Any CPU.ActiveCfg = Release|Any CPU
		{5FBE3F83-C86B-47D7-84E1-05BB69C707B8}.Release|Any CPU.Build.0 = Release|Any CPU
	EndGlobalSection
	GlobalSection(SolutionProperties) = preSolution
		HideSolutionNode = FALSE
	EndGlobalSection
EndGlobal
