
Microsoft Visual Studio Solution File, Format Version 11.00
# Visual C# Express 2010
Project("{FAE04EC0-301F-11D3-BF4B-00C04F79EFBC}") = "Hello_World", "Hello_World.csproj", "{C28A2D98-32E2-4248-96A4-679DCDF68A53}"
EndProject
Global
	GlobalSection(SolutionConfigurationPlatforms) = preSolution
		Debug|Any CPU = Debug|Any CPU
		Release|Any CPU = Release|Any CPU
	EndGlobalSection
	GlobalSection(ProjectConfigurationPlatforms) = postSolution
		{C28A2D98-32E2-4248-96A4-679DCDF68A53}.Debug|Any CPU.ActiveCfg = Debug|Any CPU
		{C28A2D98-32E2-4248-96A4-679DCDF68A53}.Debug|Any CPU.Build.0 = Debug|Any CPU
		{C28A2D98-32E2-4248-96A4-679DCDF68A53}.Release|Any CPU.ActiveCfg = Release|Any CPU
		{C28A2D98-32E2-4248-96A4-679DCDF68A53}.Release|Any CPU.Build.0 = Release|Any CPU
	EndGlobalSection
	GlobalSection(SolutionProperties) = preSolution
		HideSolutionNode = FALSE
	EndGlobalSection
EndGlobal
